%{
  "cc_precompiler": {:hex, :cc_precompiler, "0.1.7", "77de20ac77f0e53f20ca82c563520af0237c301a1ec3ab3bc598e8a96c7ee5d9", [:mix], [{:elixir_make, "~> 0.7.3", [hex: :elixir_make, repo: "hexpm", optional: false]}], "hexpm", "2768b28bf3c2b4f788c995576b39b8cb5d47eb788526d93bd52206c1d8bf4b75"},
  "elixir_make": {:hex, :elixir_make, "0.7.6", "67716309dc5d43e16b5abbd00c01b8df6a0c2ab54a8f595468035a50189f9169", [:mix], [{:castore, "~> 0.1 or ~> 1.0", [hex: :castore, repo: "hexpm", optional: true]}], "hexpm", "5a0569756b0f7873a77687800c164cca6dfc03a09418e6fcf853d78991f49940"},
}
